{
    "_meta": {
        "hash": {
            "sha256": "85acd7435eee70a9951a35a7ca855a88d4073185e542d6b2aabe1d174c0ce8e7"
        },
        "pipfile-spec": 6,
        "requires": {
            "python_version": "3.9"
        },
        "sources": [
            {
                "name": "pypi",
                "url": "https://pypi.org/simple",
                "verify_ssl": true
            }
        ]
    },
    "default": {
        "brownie": {
            "hashes": [
                "sha256:07f7d594feedf3d3dca160fd0bd1156e5077ef6ddb64ac759eebf1c56f83ce37"
            ],
            "index": "pypi",
            "version": "==0.5.1"
        }
    },
    "develop": {}
}
